
Microsoft Visual Studio Solution File, Format Version 12.00
# Visual Studio Version 16
VisualStudioVersion = 16.0.30621.155
MinimumVisualStudioVersion = 10.0.40219.1
Project("{FAE04EC0-301F-11D3-BF4B-00C04F79EFBC}") = "BudgetApproval", "BudgetApproval\BudgetApproval.csproj", "{8406BEFE-5EE4-44EA-806C-C5C785E50AEF}"
EndProject
Global
	GlobalSection(SolutionConfigurationPlatforms) = preSolution
		Debug|Any CPU = Debug|Any CPU
		Release|Any CPU = Release|Any CPU
	EndGlobalSection
	GlobalSection(ProjectConfigurationPlatforms) = postSolution
		{8406BEFE-5EE4-44EA-806C-C5C785E50AEF}.Debug|Any CPU.ActiveCfg = Debug|Any CPU
		{8406BEFE-5EE4-44EA-806C-C5C785E50AEF}.Debug|Any CPU.Build.0 = Debug|Any CPU
		{8406BEFE-5EE4-44EA-806C-C5C785E50AEF}.Release|Any CPU.ActiveCfg = Release|Any CPU
		{8406BEFE-5EE4-44EA-806C-C5C785E50AEF}.Release|Any CPU.Build.0 = Release|Any CPU
	EndGlobalSection
	GlobalSection(SolutionProperties) = preSolution
		HideSolutionNode = FALSE
	EndGlobalSection
	GlobalSection(ExtensibilityGlobals) = postSolution
		SolutionGuid = {60154867-12A0-4E1A-A451-08EDE8EF270D}
	EndGlobalSection
EndGlobal
